
Microsoft Visual Studio Solution File, Format Version 12.00
# Visual Studio Version 17
VisualStudioVersion = 17.0.31912.275
MinimumVisualStudioVersion = 10.0.40219.1
Project("{2150E333-8FDC-42A3-9474-1A3956D46DE8}") = "Infrastructure", "Infrastructure", "{6298182D-8D43-4530-97A0-284938FD4771}"
EndProject
Project("{2150E333-8FDC-42A3-9474-1A3956D46DE8}") = "Core", "Core", "{62195A24-5F28-43B9-A635-460A01D862E5}"
EndProject
Project("{2150E333-8FDC-42A3-9474-1A3956D46DE8}") = "Presentation", "Presentation", "{999C9C70-8C8B-49E3-BC69-E517B891A341}"
EndProject
Project("{2150E333-8FDC-42A3-9474-1A3956D46DE8}") = "API", "API", "{158453C2-9618-4FC7-BC4C-BA2281C52932}"
EndProject
Project("{9A19103F-16F7-4668-BE54-9A1E7A4F7556}") = "CompanyEmployees", "CompanyEmployees\CompanyEmployees.csproj", "{DA954A0B-C435-475A-A667-E3A2E00D75EE}"
EndProject
Project("{9A19103F-16F7-4668-BE54-9A1E7A4F7556}") = "Contracts", "Contracts\Contracts.csproj", "{121BF6D2-1144-4AC1-BF29-75F7056A25F8}"
EndProject
Project("{9A19103F-16F7-4668-BE54-9A1E7A4F7556}") = "LoggerService", "LoggerService\LoggerService.csproj", "{285556B6-4DDC-4871-9F51-5B1CF5E98C7B}"
EndProject
Project("{9A19103F-16F7-4668-BE54-9A1E7A4F7556}") = "Entities", "Entities\Entities.csproj", "{C09322EF-CCC0-4835-B333-06E2086D6311}"
EndProject
Project("{2150E333-8FDC-42A3-9474-1A3956D46DE8}") = "Domain", "Domain", "{E0A387E0-537A-4F3D-878A-8967C9F60ECE}"
EndProject
Project("{2150E333-8FDC-42A3-9474-1A3956D46DE8}") = "Application", "Application", "{AD8C12E8-75EC-44DF-8DFC-780F0566B8F1}"
EndProject
Project("{2150E333-8FDC-42A3-9474-1A3956D46DE8}") = "Services", "Services", "{0C0680F8-B4FC-41B8-9727-1F69E5082C14}"
EndProject
Project("{9A19103F-16F7-4668-BE54-9A1E7A4F7556}") = "Repository", "Repository\Repository.csproj", "{40473881-7CF3-42A4-AED8-6B3A1FEC0BA6}"
EndProject
Project("{FAE04EC0-301F-11D3-BF4B-00C04F79EFBC}") = "Service.Contracts", "Service.Contracts\Service.Contracts.csproj", "{180DD39A-B570-414A-B8AA-414226EBFE68}"
EndProject
Project("{FAE04EC0-301F-11D3-BF4B-00C04F79EFBC}") = "Service", "Service\Service.csproj", "{23CC5A59-B1D1-4939-ABF4-F0F8D3497DE3}"
EndProject
Global
	GlobalSection(SolutionConfigurationPlatforms) = preSolution
		Debug|Any CPU = Debug|Any CPU
		Release|Any CPU = Release|Any CPU
	EndGlobalSection
	GlobalSection(ProjectConfigurationPlatforms) = postSolution
		{DA954A0B-C435-475A-A667-E3A2E00D75EE}.Debug|Any CPU.ActiveCfg = Debug|Any CPU
		{DA954A0B-C435-475A-A667-E3A2E00D75EE}.Debug|Any CPU.Build.0 = Debug|Any CPU
		{DA954A0B-C435-475A-A667-E3A2E00D75EE}.Release|Any CPU.ActiveCfg = Release|Any CPU
		{DA954A0B-C435-475A-A667-E3A2E00D75EE}.Release|Any CPU.Build.0 = Release|Any CPU
		{121BF6D2-1144-4AC1-BF29-75F7056A25F8}.Debug|Any CPU.ActiveCfg = Debug|Any CPU
		{121BF6D2-1144-4AC1-BF29-75F7056A25F8}.Debug|Any CPU.Build.0 = Debug|Any CPU
		{121BF6D2-1144-4AC1-BF29-75F7056A25F8}.Release|Any CPU.ActiveCfg = Release|Any CPU
		{121BF6D2-1144-4AC1-BF29-75F7056A25F8}.Release|Any CPU.Build.0 = Release|Any CPU
		{285556B6-4DDC-4871-9F51-5B1CF5E98C7B}.Debug|Any CPU.ActiveCfg = Debug|Any CPU
		{285556B6-4DDC-4871-9F51-5B1CF5E98C7B}.Debug|Any CPU.Build.0 = Debug|Any CPU
		{285556B6-4DDC-4871-9F51-5B1CF5E98C7B}.Release|Any CPU.ActiveCfg = Release|Any CPU
		{285556B6-4DDC-4871-9F51-5B1CF5E98C7B}.Release|Any CPU.Build.0 = Release|Any CPU
		{C09322EF-CCC0-4835-B333-06E2086D6311}.Debug|Any CPU.ActiveCfg = Debug|Any CPU
		{C09322EF-CCC0-4835-B333-06E2086D6311}.Debug|Any CPU.Build.0 = Debug|Any CPU
		{C09322EF-CCC0-4835-B333-06E2086D6311}.Release|Any CPU.ActiveCfg = Release|Any CPU
		{C09322EF-CCC0-4835-B333-06E2086D6311}.Release|Any CPU.Build.0 = Release|Any CPU
		{40473881-7CF3-42A4-AED8-6B3A1FEC0BA6}.Debug|Any CPU.ActiveCfg = Debug|Any CPU
		{40473881-7CF3-42A4-AED8-6B3A1FEC0BA6}.Debug|Any CPU.Build.0 = Debug|Any CPU
		{40473881-7CF3-42A4-AED8-6B3A1FEC0BA6}.Release|Any CPU.ActiveCfg = Release|Any CPU
		{40473881-7CF3-42A4-AED8-6B3A1FEC0BA6}.Release|Any CPU.Build.0 = Release|Any CPU
		{180DD39A-B570-414A-B8AA-414226EBFE68}.Debug|Any CPU.ActiveCfg = Debug|Any CPU
		{180DD39A-B570-414A-B8AA-414226EBFE68}.Debug|Any CPU.Build.0 = Debug|Any CPU
		{180DD39A-B570-414A-B8AA-414226EBFE68}.Release|Any CPU.ActiveCfg = Release|Any CPU
		{180DD39A-B570-414A-B8AA-414226EBFE68}.Release|Any CPU.Build.0 = Release|Any CPU
		{23CC5A59-B1D1-4939-ABF4-F0F8D3497DE3}.Debug|Any CPU.ActiveCfg = Debug|Any CPU
		{23CC5A59-B1D1-4939-ABF4-F0F8D3497DE3}.Debug|Any CPU.Build.0 = Debug|Any CPU
		{23CC5A59-B1D1-4939-ABF4-F0F8D3497DE3}.Release|Any CPU.ActiveCfg = Release|Any CPU
		{23CC5A59-B1D1-4939-ABF4-F0F8D3497DE3}.Release|Any CPU.Build.0 = Release|Any CPU
	EndGlobalSection
	GlobalSection(SolutionProperties) = preSolution
		HideSolutionNode = FALSE
	EndGlobalSection
	GlobalSection(NestedProjects) = preSolution
		{DA954A0B-C435-475A-A667-E3A2E00D75EE} = {158453C2-9618-4FC7-BC4C-BA2281C52932}
		{121BF6D2-1144-4AC1-BF29-75F7056A25F8} = {E0A387E0-537A-4F3D-878A-8967C9F60ECE}
		{285556B6-4DDC-4871-9F51-5B1CF5E98C7B} = {0C0680F8-B4FC-41B8-9727-1F69E5082C14}
		{C09322EF-CCC0-4835-B333-06E2086D6311} = {E0A387E0-537A-4F3D-878A-8967C9F60ECE}
		{E0A387E0-537A-4F3D-878A-8967C9F60ECE} = {62195A24-5F28-43B9-A635-460A01D862E5}
		{AD8C12E8-75EC-44DF-8DFC-780F0566B8F1} = {62195A24-5F28-43B9-A635-460A01D862E5}
		{0C0680F8-B4FC-41B8-9727-1F69E5082C14} = {AD8C12E8-75EC-44DF-8DFC-780F0566B8F1}
		{40473881-7CF3-42A4-AED8-6B3A1FEC0BA6} = {6298182D-8D43-4530-97A0-284938FD4771}
		{180DD39A-B570-414A-B8AA-414226EBFE68} = {AD8C12E8-75EC-44DF-8DFC-780F0566B8F1}
		{23CC5A59-B1D1-4939-ABF4-F0F8D3497DE3} = {AD8C12E8-75EC-44DF-8DFC-780F0566B8F1}
	EndGlobalSection
	GlobalSection(ExtensibilityGlobals) = postSolution
		SolutionGuid = {234DE4D8-B86F-4490-9078-8B10DB966A26}
	EndGlobalSection
EndGlobal
